
Microsoft Visual Studio Solution File, Format Version 12.00
# Visual Studio Version 16
VisualStudioVersion = 16.0.29728.190
MinimumVisualStudioVersion = 10.0.40219.1
Project("{FAE04EC0-301F-11D3-BF4B-00C04F79EFBC}") = "CRL Test.Android", "CRL Test\CRL Test.Android\CRL Test.Android.csproj", "{49228386-2B35-496D-BCDA-C3A244385D64}"
EndProject
Project("{FAE04EC0-301F-11D3-BF4B-00C04F79EFBC}") = "CRL Test.iOS", "CRL Test\CRL Test.iOS\CRL Test.iOS.csproj", "{FBDCB9F9-7DDB-41DF-B21F-A5872433EC5F}"
EndProject
Project("{FAE04EC0-301F-11D3-BF4B-00C04F79EFBC}") = "CRL Test", "CRL Test\CRL Test\CRL Test.csproj", "{3A1E37EB-41C1-4754-B36C-EF64817EAF63}"
EndProject
Global
	GlobalSection(SolutionConfigurationPlatforms) = preSolution
		Debug|Any CPU = Debug|Any CPU
		Debug|iPhone = Debug|iPhone
		Debug|iPhoneSimulator = Debug|iPhoneSimulator
		Release|Any CPU = Release|Any CPU
		Release|iPhone = Release|iPhone
		Release|iPhoneSimulator = Release|iPhoneSimulator
	EndGlobalSection
	GlobalSection(ProjectConfigurationPlatforms) = postSolution
		{49228386-2B35-496D-BCDA-C3A244385D64}.Debug|Any CPU.ActiveCfg = Debug|Any CPU
		{49228386-2B35-496D-BCDA-C3A244385D64}.Debug|Any CPU.Build.0 = Debug|Any CPU
		{49228386-2B35-496D-BCDA-C3A244385D64}.Debug|Any CPU.Deploy.0 = Debug|Any CPU
		{49228386-2B35-496D-BCDA-C3A244385D64}.Debug|iPhone.ActiveCfg = Debug|Any CPU
		{49228386-2B35-496D-BCDA-C3A244385D64}.Debug|iPhone.Build.0 = Debug|Any CPU
		{49228386-2B35-496D-BCDA-C3A244385D64}.Debug|iPhone.Deploy.0 = Debug|Any CPU
		{49228386-2B35-496D-BCDA-C3A244385D64}.Debug|iPhoneSimulator.ActiveCfg = Debug|Any CPU
		{49228386-2B35-496D-BCDA-C3A244385D64}.Debug|iPhoneSimulator.Build.0 = Debug|Any CPU
		{49228386-2B35-496D-BCDA-C3A244385D64}.Debug|iPhoneSimulator.Deploy.0 = Debug|Any CPU
		{49228386-2B35-496D-BCDA-C3A244385D64}.Release|Any CPU.ActiveCfg = Release|Any CPU
		{49228386-2B35-496D-BCDA-C3A244385D64}.Release|Any CPU.Build.0 = Release|Any CPU
		{49228386-2B35-496D-BCDA-C3A244385D64}.Release|Any CPU.Deploy.0 = Release|Any CPU
		{49228386-2B35-496D-BCDA-C3A244385D64}.Release|iPhone.ActiveCfg = Release|Any CPU
		{49228386-2B35-496D-BCDA-C3A244385D64}.Release|iPhone.Build.0 = Release|Any CPU
		{49228386-2B35-496D-BCDA-C3A244385D64}.Release|iPhone.Deploy.0 = Release|Any CPU
		{49228386-2B35-496D-BCDA-C3A244385D64}.Release|iPhoneSimulator.ActiveCfg = Release|Any CPU
		{49228386-2B35-496D-BCDA-C3A244385D64}.Release|iPhoneSimulator.Build.0 = Release|Any CPU
		{49228386-2B35-496D-BCDA-C3A244385D64}.Release|iPhoneSimulator.Deploy.0 = Release|Any CPU
		{FBDCB9F9-7DDB-41DF-B21F-A5872433EC5F}.Debug|Any CPU.ActiveCfg = Debug|iPhoneSimulator
		{FBDCB9F9-7DDB-41DF-B21F-A5872433EC5F}.Debug|Any CPU.Build.0 = Debug|iPhoneSimulator
		{FBDCB9F9-7DDB-41DF-B21F-A5872433EC5F}.Debug|Any CPU.Deploy.0 = Debug|iPhoneSimulator
		{FBDCB9F9-7DDB-41DF-B21F-A5872433EC5F}.Debug|iPhone.ActiveCfg = Debug|iPhone
		{FBDCB9F9-7DDB-41DF-B21F-A5872433EC5F}.Debug|iPhone.Build.0 = Debug|iPhone
		{FBDCB9F9-7DDB-41DF-B21F-A5872433EC5F}.Debug|iPhone.Deploy.0 = Debug|iPhone
		{FBDCB9F9-7DDB-41DF-B21F-A5872433EC5F}.Debug|iPhoneSimulator.ActiveCfg = Debug|iPhoneSimulator
		{FBDCB9F9-7DDB-41DF-B21F-A5872433EC5F}.Debug|iPhoneSimulator.Build.0 = Debug|iPhoneSimulator
		{FBDCB9F9-7DDB-41DF-B21F-A5872433EC5F}.Debug|iPhoneSimulator.Deploy.0 = Debug|iPhoneSimulator
		{FBDCB9F9-7DDB-41DF-B21F-A5872433EC5F}.Release|Any CPU.ActiveCfg = Release|iPhone
		{FBDCB9F9-7DDB-41DF-B21F-A5872433EC5F}.Release|Any CPU.Build.0 = Release|iPhone
		{FBDCB9F9-7DDB-41DF-B21F-A5872433EC5F}.Release|Any CPU.Deploy.0 = Release|iPhone
		{FBDCB9F9-7DDB-41DF-B21F-A5872433EC5F}.Release|iPhone.ActiveCfg = Release|iPhone
		{FBDCB9F9-7DDB-41DF-B21F-A5872433EC5F}.Release|iPhone.Build.0 = Release|iPhone
		{FBDCB9F9-7DDB-41DF-B21F-A5872433EC5F}.Release|iPhone.Deploy.0 = Release|iPhone
		{FBDCB9F9-7DDB-41DF-B21F-A5872433EC5F}.Release|iPhoneSimulator.ActiveCfg = Release|iPhoneSimulator
		{FBDCB9F9-7DDB-41DF-B21F-A5872433EC5F}.Release|iPhoneSimulator.Build.0 = Release|iPhoneSimulator
		{FBDCB9F9-7DDB-41DF-B21F-A5872433EC5F}.Release|iPhoneSimulator.Deploy.0 = Release|iPhoneSimulator
		{3A1E37EB-41C1-4754-B36C-EF64817EAF63}.Debug|Any CPU.ActiveCfg = Debug|Any CPU
		{3A1E37EB-41C1-4754-B36C-EF64817EAF63}.Debug|Any CPU.Build.0 = Debug|Any CPU
		{3A1E37EB-41C1-4754-B36C-EF64817EAF63}.Debug|Any CPU.Deploy.0 = Debug|Any CPU
		{3A1E37EB-41C1-4754-B36C-EF64817EAF63}.Debug|iPhone.ActiveCfg = Debug|Any CPU
		{3A1E37EB-41C1-4754-B36C-EF64817EAF63}.Debug|iPhone.Build.0 = Debug|Any CPU
		{3A1E37EB-41C1-4754-B36C-EF64817EAF63}.Debug|iPhone.Deploy.0 = Debug|Any CPU
		{3A1E37EB-41C1-4754-B36C-EF64817EAF63}.Debug|iPhoneSimulator.ActiveCfg = Debug|Any CPU
		{3A1E37EB-41C1-4754-B36C-EF64817EAF63}.Debug|iPhoneSimulator.Build.0 = Debug|Any CPU
		{3A1E37EB-41C1-4754-B36C-EF64817EAF63}.Debug|iPhoneSimulator.Deploy.0 = Debug|Any CPU
		{3A1E37EB-41C1-4754-B36C-EF64817EAF63}.Release|Any CPU.ActiveCfg = Release|Any CPU
		{3A1E37EB-41C1-4754-B36C-EF64817EAF63}.Release|Any CPU.Build.0 = Release|Any CPU
		{3A1E37EB-41C1-4754-B36C-EF64817EAF63}.Release|Any CPU.Deploy.0 = Release|Any CPU
		{3A1E37EB-41C1-4754-B36C-EF64817EAF63}.Release|iPhone.ActiveCfg = Release|Any CPU
		{3A1E37EB-41C1-4754-B36C-EF64817EAF63}.Release|iPhone.Build.0 = Release|Any CPU
		{3A1E37EB-41C1-4754-B36C-EF64817EAF63}.Release|iPhone.Deploy.0 = Release|Any CPU
		{3A1E37EB-41C1-4754-B36C-EF64817EAF63}.Release|iPhoneSimulator.ActiveCfg = Release|Any CPU
		{3A1E37EB-41C1-4754-B36C-EF64817EAF63}.Release|iPhoneSimulator.Build.0 = Release|Any CPU
		{3A1E37EB-41C1-4754-B36C-EF64817EAF63}.Release|iPhoneSimulator.Deploy.0 = Release|Any CPU
	EndGlobalSection
	GlobalSection(SolutionProperties) = preSolution
		HideSolutionNode = FALSE
	EndGlobalSection
	GlobalSection(ExtensibilityGlobals) = postSolution
		SolutionGuid = {EB75E153-4BBA-48FA-B630-43BB42EAC49A}
	EndGlobalSection
EndGlobal
